
Microsoft Visual Studio Solution File, Format Version 12.00
# Visual Studio Version 17
VisualStudioVersion = 17.9.34728.123
MinimumVisualStudioVersion = 10.0.40219.1
Project("{FAE04EC0-301F-11D3-BF4B-00C04F79EFBC}") = "10_numeros_inteiros", "10_numeros_inteiros\10_numeros_inteiros.csproj", "{91769B9E-1984-434D-8F1C-42D8F6EB5173}"
EndProject
Global
	GlobalSection(SolutionConfigurationPlatforms) = preSolution
		Debug|Any CPU = Debug|Any CPU
		Release|Any CPU = Release|Any CPU
	EndGlobalSection
	GlobalSection(ProjectConfigurationPlatforms) = postSolution
		{91769B9E-1984-434D-8F1C-42D8F6EB5173}.Debug|Any CPU.ActiveCfg = Debug|Any CPU
		{91769B9E-1984-434D-8F1C-42D8F6EB5173}.Debug|Any CPU.Build.0 = Debug|Any CPU
		{91769B9E-1984-434D-8F1C-42D8F6EB5173}.Release|Any CPU.ActiveCfg = Release|Any CPU
		{91769B9E-1984-434D-8F1C-42D8F6EB5173}.Release|Any CPU.Build.0 = Release|Any CPU
	EndGlobalSection
	GlobalSection(SolutionProperties) = preSolution
		HideSolutionNode = FALSE
	EndGlobalSection
	GlobalSection(ExtensibilityGlobals) = postSolution
		SolutionGuid = {6C52B5B3-57B6-4408-B350-CBEF8C58C681}
	EndGlobalSection
EndGlobal
